// !$*UTF8*$!
{
	archiveVersion = 1;
	classes = {
	};
	objectVersion = 77;
	objects = {

/* Begin PBXBuildFile section */
		00D5988FF788044E60696326 /* ProjectDirectoryProtocolTests.swift in Sources */ = {isa = PBXBuildFile; fileRef = 3834CD301D85D3ADF5A14C5D /* ProjectDirectoryProtocolTests.swift */; };
		02871F767925761E25F86B3E /* AppState.swift in Sources */ = {isa = PBXBuildFile; fileRef = 2B3990BD2C27260A0E70B93A /* AppState.swift */; };
		035DAB141A9BBEED5792F799 /* Assets.xcassets in Resources */ = {isa = PBXBuildFile; fileRef = 198107AA95E9C4E57B982AED /* Assets.xcassets */; };
		0BAAD3A1EE604A1F51594045 /* ClipboardMediaImport.swift in Sources */ = {isa = PBXBuildFile; fileRef = B68DA54322BAA752E5971377 /* ClipboardMediaImport.swift */; };
		0C164E0784F734A939122168 /* TranscriptMediaView.swift in Sources */ = {isa = PBXBuildFile; fileRef = 69962C8E0E1F29C59C77EFF8 /* TranscriptMediaView.swift */; };
		0C2B7BAD602B7292DE5AD4FA /* TranscriptMediaTests.swift in Sources */ = {isa = PBXBuildFile; fileRef = 7FD67F2CC8C0A869D5092324 /* TranscriptMediaTests.swift */; };
		0CC2B9555CF2287B30B38BB6 /* RealShellLifecycleTests.swift in Sources */ = {isa = PBXBuildFile; fileRef = 5EC4964D4244F191B0B2EE29 /* RealShellLifecycleTests.swift */; };
		0F21F855B7DA35AD722AC7D3 /* ACPProtocolTests.swift in Sources */ = {isa = PBXBuildFile; fileRef = A49E707898C1B36BB27BC121 /* ACPProtocolTests.swift */; };
		19B3A6B5BBEE1564C7F4AC0B /* PersistenceStore.swift in Sources */ = {isa = PBXBuildFile; fileRef = 06F974BED9068ADA02CD72BC /* PersistenceStore.swift */; };
		1FD039E35430596E77258CB6 /* ACPMessageIdentityTests.swift in Sources */ = {isa = PBXBuildFile; fileRef = D76BE5F4BB5528635B399D47 /* ACPMessageIdentityTests.swift */; };
		1FE1E96487F1DC33B4FB0952 /* TranscriptProjectionRegressionTests.swift in Sources */ = {isa = PBXBuildFile; fileRef = E13436ED25775E87B54A271A /* TranscriptProjectionRegressionTests.swift */; };
		2BB77046C11A5F39987BE7B3 /* TranscriptProjection.swift in Sources */ = {isa = PBXBuildFile; fileRef = A8BE0AC7BC0655DEFA9DC4DF /* TranscriptProjection.swift */; };
		2C3BFF1D1473D6E1F7822063 /* TranscriptToolContentBuffer.swift in Sources */ = {isa = PBXBuildFile; fileRef = 7A1A3AC3038089116C5142A6 /* TranscriptToolContentBuffer.swift */; };
		3308A8C8FA9F2A39E8B13B40 /* PendingSteerMutationTests.swift in Sources */ = {isa = PBXBuildFile; fileRef = C11F006E0AD5F8D6EEF2FC03 /* PendingSteerMutationTests.swift */; };
		40FCF23FB16ED892E6A0B53C /* FocusedSubagentController.swift in Sources */ = {isa = PBXBuildFile; fileRef = F3CF3512090AAA66524A87BC /* FocusedSubagentController.swift */; };
		46C3D9B3F883CDF2F661596B /* ProjectSearchTests.swift in Sources */ = {isa = PBXBuildFile; fileRef = 5358E0179C1BBBBF93CE24B1 /* ProjectSearchTests.swift */; };
		489E18B321109F8D9F512822 /* ACPClient.swift in Sources */ = {isa = PBXBuildFile; fileRef = 7D1610600D0AFF53C50D6E59 /* ACPClient.swift */; };
		532FC0D8C0DA828334BBB26E /* ACPWireModels.generated.swift in Sources */ = {isa = PBXBuildFile; fileRef = 6086BB4FC00B47A7CFEDE75F /* ACPWireModels.generated.swift */; };
		598034517C8D04CD9FF42D5E /* PendingSteerEditor.swift in Sources */ = {isa = PBXBuildFile; fileRef = 3776184F3E1E03E7A3888101 /* PendingSteerEditor.swift */; };
		5D90E450684ED3EE71B69332 /* ConversationController.swift in Sources */ = {isa = PBXBuildFile; fileRef = F52157E3DA76808946939C19 /* ConversationController.swift */; };
		6582FDDDDA4EE068F0285DBA /* DesktopUsageTests.swift in Sources */ = {isa = PBXBuildFile; fileRef = D622330F9651EF6FE17B0FFD /* DesktopUsageTests.swift */; };
		668A00A674B09C31C4F9AEF5 /* ProjectNavigationLifecycleTests.swift in Sources */ = {isa = PBXBuildFile; fileRef = 77809268413E9E0550C37150 /* ProjectNavigationLifecycleTests.swift */; };
		6A73208124C5F3743BD70F5F /* ACPProcessTests.swift in Sources */ = {isa = PBXBuildFile; fileRef = 7673B303F19B3783B1B84A34 /* ACPProcessTests.swift */; };
		77CE12EFCD9EBB4BE06BBA7D /* ACPKitExtensions.swift in Sources */ = {isa = PBXBuildFile; fileRef = 5E2EABACCDFBFA37A3DB1077 /* ACPKitExtensions.swift */; };
		78995CAA5E6507FDE2F19342 /* ProviderUsageServiceTests.swift in Sources */ = {isa = PBXBuildFile; fileRef = F17B3DDBC123331A4DE01B74 /* ProviderUsageServiceTests.swift */; };
		825F84E21388B04F8EFF5EDD /* ProjectSummary.swift in Sources */ = {isa = PBXBuildFile; fileRef = CA1525D1387BB6324375D34B /* ProjectSummary.swift */; };
		88B9E3487F21C94C474B716A /* ProviderUsageView.swift in Sources */ = {isa = PBXBuildFile; fileRef = EE62A0F49EB0B39295809D2C /* ProviderUsageView.swift */; };
		892DDBF96218AB5886A20012 /* TranscriptContentBuffer.swift in Sources */ = {isa = PBXBuildFile; fileRef = AF81CA9181C9F75289ADA9A9 /* TranscriptContentBuffer.swift */; };
		8E8A10F49B153622CF7DD7FA /* JSONLineParser.swift in Sources */ = {isa = PBXBuildFile; fileRef = 11C475A19EDCF4F131882AF2 /* JSONLineParser.swift */; };
		8FB512E68B9F38EE3405C965 /* ModelSelection.swift in Sources */ = {isa = PBXBuildFile; fileRef = 2E91430BED2A48D143CB953E /* ModelSelection.swift */; };
		92253DB358B26BE204476C82 /* ProviderUsageService.swift in Sources */ = {isa = PBXBuildFile; fileRef = F230AF447FD7A01DED5766F5 /* ProviderUsageService.swift */; };
		99D46DFD2AED28BA9E96C636 /* TranscriptToolContentBufferTests.swift in Sources */ = {isa = PBXBuildFile; fileRef = 3D6D636272C479A6AED6F606 /* TranscriptToolContentBufferTests.swift */; };
		9C009A5EE85704A96BECA25C /* MarkdownDocumentTests.swift in Sources */ = {isa = PBXBuildFile; fileRef = D3755EFD0DF6570079CB1E9F /* MarkdownDocumentTests.swift */; };
		A3DBB7E0917F10EF3485AD97 /* ProjectsView.swift in Sources */ = {isa = PBXBuildFile; fileRef = 6FD76F4D03C2D44DA6599243 /* ProjectsView.swift */; };
		AA4D62C2F061DA87F223B926 /* KitDesktopApp.swift in Sources */ = {isa = PBXBuildFile; fileRef = 612469AB29D1589621F28D29 /* KitDesktopApp.swift */; };
		AC440F6119FF33B7AF2D9C6F /* ProjectNavigationTests.swift in Sources */ = {isa = PBXBuildFile; fileRef = 7D4716671696C4413ABDF64A /* ProjectNavigationTests.swift */; };
		B03EA9D8EB2F591C684D3D3F /* AppDelegate.swift in Sources */ = {isa = PBXBuildFile; fileRef = E8F619B802566CBF11E36094 /* AppDelegate.swift */; };
		B23F0A4E847B61552A4C8443 /* ProjectDirectoriesView.swift in Sources */ = {isa = PBXBuildFile; fileRef = E8BD2858C5E19F61C63380FB /* ProjectDirectoriesView.swift */; };
		B92551679F110E1871A50E2D /* FocusedSubagentTests.swift in Sources */ = {isa = PBXBuildFile; fileRef = 3A9E6E2B9F08A2B61F5A6532 /* FocusedSubagentTests.swift */; };
		B9AC4DF35B2F9D766761C7EB /* JSONLineParserTests.swift in Sources */ = {isa = PBXBuildFile; fileRef = F0670A97F6D40D534E10DF6B /* JSONLineParserTests.swift */; };
		C3110D60CAC696DCADB183A6 /* TranscriptProjectionTests.swift in Sources */ = {isa = PBXBuildFile; fileRef = E0A68433712740EB10D75548 /* TranscriptProjectionTests.swift */; };
		C5146515CECF2C72EDC40E25 /* ProjectDirectoriesTests.swift in Sources */ = {isa = PBXBuildFile; fileRef = AE581787540D49E5C10E4A92 /* ProjectDirectoriesTests.swift */; };
		CA8ABD25EAFDC87274999FA5 /* AppIcon.icon in Resources */ = {isa = PBXBuildFile; fileRef = 774A438C39CB539D322381BD /* AppIcon.icon */; };
		D84D1F89B4EAA779010CFE3E /* AppModelTests.swift in Sources */ = {isa = PBXBuildFile; fileRef = DAEBE305CCB3F66B4C6EFE46 /* AppModelTests.swift */; };
		E0A3CEF798311F487DD36E56 /* PersistenceStoreTests.swift in Sources */ = {isa = PBXBuildFile; fileRef = 319931620251E086D0C605C3 /* PersistenceStoreTests.swift */; };
		E159D772370C615AFC28971C /* FocusedSubagentView.swift in Sources */ = {isa = PBXBuildFile; fileRef = 77289D47F227111DF7BB9D91 /* FocusedSubagentView.swift */; };
		E51D677C599E9529D12CC62C /* AppModel.swift in Sources */ = {isa = PBXBuildFile; fileRef = C69138F9241277AF871FBF68 /* AppModel.swift */; };
		F1CCCF9D9F727E59B384BACC /* ContentView.swift in Sources */ = {isa = PBXBuildFile; fileRef = 9B793DB8C6D3587B43CDC552 /* ContentView.swift */; };
		F3D9D1093B2E9F4E07AAA021 /* DesktopRenderingTests.swift in Sources */ = {isa = PBXBuildFile; fileRef = 79533B8978F885CB3B560433 /* DesktopRenderingTests.swift */; };
		F4581C82DF00798894C85689 /* BrandTheme.swift in Sources */ = {isa = PBXBuildFile; fileRef = 7FB0EE32A1CCC0464FF5D14E /* BrandTheme.swift */; };
		FCEE0B2CC5DBD6B5F32DD243 /* MarkdownView.swift in Sources */ = {isa = PBXBuildFile; fileRef = EAEAA8A329489C8BD38EA402 /* MarkdownView.swift */; };
/* End PBXBuildFile section */

/* Begin PBXContainerItemProxy section */
		0DD249DBEFC0503246C7B188 /* PBXContainerItemProxy */ = {
			isa = PBXContainerItemProxy;
			containerPortal = 2025A51ACF291CB2F82A0169 /* Project object */;
			proxyType = 1;
			remoteGlobalIDString = 7ED0BA523F3C4C8EA87E4D9F;
			remoteInfo = KitDesktop;
		};
/* End PBXContainerItemProxy section */

/* Begin PBXFileReference section */
		06F974BED9068ADA02CD72BC /* PersistenceStore.swift */ = {isa = PBXFileReference; lastKnownFileType = sourcecode.swift; path = PersistenceStore.swift; sourceTree = "<group>"; };
		0C0AB706DCD4E682E3D144F0 /* KitDesktopTests.xctest */ = {isa = PBXFileReference; explicitFileType = wrapper.cfbundle; includeInIndex = 0; path = KitDesktopTests.xctest; sourceTree = BUILT_PRODUCTS_DIR; };
		11C475A19EDCF4F131882AF2 /* JSONLineParser.swift */ = {isa = PBXFileReference; lastKnownFileType = sourcecode.swift; path = JSONLineParser.swift; sourceTree = "<group>"; };
		198107AA95E9C4E57B982AED /* Assets.xcassets */ = {isa = PBXFileReference; lastKnownFileType = folder.assetcatalog; path = Assets.xcassets; sourceTree = "<group>"; };
		2B3990BD2C27260A0E70B93A /* AppState.swift */ = {isa = PBXFileReference; lastKnownFileType = sourcecode.swift; path = AppState.swift; sourceTree = "<group>"; };
		2E91430BED2A48D143CB953E /* ModelSelection.swift */ = {isa = PBXFileReference; lastKnownFileType = sourcecode.swift; path = ModelSelection.swift; sourceTree = "<group>"; };
		319931620251E086D0C605C3 /* PersistenceStoreTests.swift */ = {isa = PBXFileReference; lastKnownFileType = sourcecode.swift; path = PersistenceStoreTests.swift; sourceTree = "<group>"; };
		3776184F3E1E03E7A3888101 /* PendingSteerEditor.swift */ = {isa = PBXFileReference; lastKnownFileType = sourcecode.swift; path = PendingSteerEditor.swift; sourceTree = "<group>"; };
		3834CD301D85D3ADF5A14C5D /* ProjectDirectoryProtocolTests.swift */ = {isa = PBXFileReference; lastKnownFileType = sourcecode.swift; path = ProjectDirectoryProtocolTests.swift; sourceTree = "<group>"; };
		3A9E6E2B9F08A2B61F5A6532 /* FocusedSubagentTests.swift */ = {isa = PBXFileReference; lastKnownFileType = sourcecode.swift; path = FocusedSubagentTests.swift; sourceTree = "<group>"; };
		3D6D636272C479A6AED6F606 /* TranscriptToolContentBufferTests.swift */ = {isa = PBXFileReference; lastKnownFileType = sourcecode.swift; path = TranscriptToolContentBufferTests.swift; sourceTree = "<group>"; };
		5358E0179C1BBBBF93CE24B1 /* ProjectSearchTests.swift */ = {isa = PBXFileReference; lastKnownFileType = sourcecode.swift; path = ProjectSearchTests.swift; sourceTree = "<group>"; };
		5E2EABACCDFBFA37A3DB1077 /* ACPKitExtensions.swift */ = {isa = PBXFileReference; lastKnownFileType = sourcecode.swift; path = ACPKitExtensions.swift; sourceTree = "<group>"; };
		5EC4964D4244F191B0B2EE29 /* RealShellLifecycleTests.swift */ = {isa = PBXFileReference; lastKnownFileType = sourcecode.swift; path = RealShellLifecycleTests.swift; sourceTree = "<group>"; };
		6086BB4FC00B47A7CFEDE75F /* ACPWireModels.generated.swift */ = {isa = PBXFileReference; lastKnownFileType = sourcecode.swift; path = ACPWireModels.generated.swift; sourceTree = "<group>"; };
		612469AB29D1589621F28D29 /* KitDesktopApp.swift */ = {isa = PBXFileReference; lastKnownFileType = sourcecode.swift; path = KitDesktopApp.swift; sourceTree = "<group>"; };
		69962C8E0E1F29C59C77EFF8 /* TranscriptMediaView.swift */ = {isa = PBXFileReference; lastKnownFileType = sourcecode.swift; path = TranscriptMediaView.swift; sourceTree = "<group>"; };
		6FD76F4D03C2D44DA6599243 /* ProjectsView.swift */ = {isa = PBXFileReference; lastKnownFileType = sourcecode.swift; path = ProjectsView.swift; sourceTree = "<group>"; };
		7673B303F19B3783B1B84A34 /* ACPProcessTests.swift */ = {isa = PBXFileReference; lastKnownFileType = sourcecode.swift; path = ACPProcessTests.swift; sourceTree = "<group>"; };
		77289D47F227111DF7BB9D91 /* FocusedSubagentView.swift */ = {isa = PBXFileReference; lastKnownFileType = sourcecode.swift; path = FocusedSubagentView.swift; sourceTree = "<group>"; };
		774A438C39CB539D322381BD /* AppIcon.icon */ = {isa = PBXFileReference; lastKnownFileType = wrapper.icon; path = AppIcon.icon; sourceTree = "<group>"; };
		77809268413E9E0550C37150 /* ProjectNavigationLifecycleTests.swift */ = {isa = PBXFileReference; lastKnownFileType = sourcecode.swift; path = ProjectNavigationLifecycleTests.swift; sourceTree = "<group>"; };
		79533B8978F885CB3B560433 /* DesktopRenderingTests.swift */ = {isa = PBXFileReference; lastKnownFileType = sourcecode.swift; path = DesktopRenderingTests.swift; sourceTree = "<group>"; };
		7A1A3AC3038089116C5142A6 /* TranscriptToolContentBuffer.swift */ = {isa = PBXFileReference; lastKnownFileType = sourcecode.swift; path = TranscriptToolContentBuffer.swift; sourceTree = "<group>"; };
		7D1610600D0AFF53C50D6E59 /* ACPClient.swift */ = {isa = PBXFileReference; lastKnownFileType = sourcecode.swift; path = ACPClient.swift; sourceTree = "<group>"; };
		7D4716671696C4413ABDF64A /* ProjectNavigationTests.swift */ = {isa = PBXFileReference; lastKnownFileType = sourcecode.swift; path = ProjectNavigationTests.swift; sourceTree = "<group>"; };
		7FB0EE32A1CCC0464FF5D14E /* BrandTheme.swift */ = {isa = PBXFileReference; lastKnownFileType = sourcecode.swift; path = BrandTheme.swift; sourceTree = "<group>"; };
		7FD67F2CC8C0A869D5092324 /* TranscriptMediaTests.swift */ = {isa = PBXFileReference; lastKnownFileType = sourcecode.swift; path = TranscriptMediaTests.swift; sourceTree = "<group>"; };
		9B793DB8C6D3587B43CDC552 /* ContentView.swift */ = {isa = PBXFileReference; lastKnownFileType = sourcecode.swift; path = ContentView.swift; sourceTree = "<group>"; };
		A49E707898C1B36BB27BC121 /* ACPProtocolTests.swift */ = {isa = PBXFileReference; lastKnownFileType = sourcecode.swift; path = ACPProtocolTests.swift; sourceTree = "<group>"; };
		A8BE0AC7BC0655DEFA9DC4DF /* TranscriptProjection.swift */ = {isa = PBXFileReference; lastKnownFileType = sourcecode.swift; path = TranscriptProjection.swift; sourceTree = "<group>"; };
		AE581787540D49E5C10E4A92 /* ProjectDirectoriesTests.swift */ = {isa = PBXFileReference; lastKnownFileType = sourcecode.swift; path = ProjectDirectoriesTests.swift; sourceTree = "<group>"; };
		AF81CA9181C9F75289ADA9A9 /* TranscriptContentBuffer.swift */ = {isa = PBXFileReference; lastKnownFileType = sourcecode.swift; path = TranscriptContentBuffer.swift; sourceTree = "<group>"; };
		B68DA54322BAA752E5971377 /* ClipboardMediaImport.swift */ = {isa = PBXFileReference; lastKnownFileType = sourcecode.swift; path = ClipboardMediaImport.swift; sourceTree = "<group>"; };
		C11F006E0AD5F8D6EEF2FC03 /* PendingSteerMutationTests.swift */ = {isa = PBXFileReference; lastKnownFileType = sourcecode.swift; path = PendingSteerMutationTests.swift; sourceTree = "<group>"; };
		C69138F9241277AF871FBF68 /* AppModel.swift */ = {isa = PBXFileReference; lastKnownFileType = sourcecode.swift; path = AppModel.swift; sourceTree = "<group>"; };
		CA1525D1387BB6324375D34B /* ProjectSummary.swift */ = {isa = PBXFileReference; lastKnownFileType = sourcecode.swift; path = ProjectSummary.swift; sourceTree = "<group>"; };
		D2AE60C80AB214E08161FF6A /* Version.xcconfig */ = {isa = PBXFileReference; lastKnownFileType = text.xcconfig; path = Version.xcconfig; sourceTree = "<group>"; };
		D3755EFD0DF6570079CB1E9F /* MarkdownDocumentTests.swift */ = {isa = PBXFileReference; lastKnownFileType = sourcecode.swift; path = MarkdownDocumentTests.swift; sourceTree = "<group>"; };
		D5508A00BF37B0CF6A3B361F /* Kit.app */ = {isa = PBXFileReference; explicitFileType = wrapper.application; includeInIndex = 0; path = Kit.app; sourceTree = BUILT_PRODUCTS_DIR; };
		D622330F9651EF6FE17B0FFD /* DesktopUsageTests.swift */ = {isa = PBXFileReference; lastKnownFileType = sourcecode.swift; path = DesktopUsageTests.swift; sourceTree = "<group>"; };
		D76BE5F4BB5528635B399D47 /* ACPMessageIdentityTests.swift */ = {isa = PBXFileReference; lastKnownFileType = sourcecode.swift; path = ACPMessageIdentityTests.swift; sourceTree = "<group>"; };
		DAEBE305CCB3F66B4C6EFE46 /* AppModelTests.swift */ = {isa = PBXFileReference; lastKnownFileType = sourcecode.swift; path = AppModelTests.swift; sourceTree = "<group>"; };
		E0A68433712740EB10D75548 /* TranscriptProjectionTests.swift */ = {isa = PBXFileReference; lastKnownFileType = sourcecode.swift; path = TranscriptProjectionTests.swift; sourceTree = "<group>"; };
		E13436ED25775E87B54A271A /* TranscriptProjectionRegressionTests.swift */ = {isa = PBXFileReference; lastKnownFileType = sourcecode.swift; path = TranscriptProjectionRegressionTests.swift; sourceTree = "<group>"; };
		E8BD2858C5E19F61C63380FB /* ProjectDirectoriesView.swift */ = {isa = PBXFileReference; lastKnownFileType = sourcecode.swift; path = ProjectDirectoriesView.swift; sourceTree = "<group>"; };
		E8F619B802566CBF11E36094 /* AppDelegate.swift */ = {isa = PBXFileReference; lastKnownFileType = sourcecode.swift; path = AppDelegate.swift; sourceTree = "<group>"; };
		EAEAA8A329489C8BD38EA402 /* MarkdownView.swift */ = {isa = PBXFileReference; lastKnownFileType = sourcecode.swift; path = MarkdownView.swift; sourceTree = "<group>"; };
		EE62A0F49EB0B39295809D2C /* ProviderUsageView.swift */ = {isa = PBXFileReference; lastKnownFileType = sourcecode.swift; path = ProviderUsageView.swift; sourceTree = "<group>"; };
		F0670A97F6D40D534E10DF6B /* JSONLineParserTests.swift */ = {isa = PBXFileReference; lastKnownFileType = sourcecode.swift; path = JSONLineParserTests.swift; sourceTree = "<group>"; };
		F17B3DDBC123331A4DE01B74 /* ProviderUsageServiceTests.swift */ = {isa = PBXFileReference; lastKnownFileType = sourcecode.swift; path = ProviderUsageServiceTests.swift; sourceTree = "<group>"; };
		F230AF447FD7A01DED5766F5 /* ProviderUsageService.swift */ = {isa = PBXFileReference; lastKnownFileType = sourcecode.swift; path = ProviderUsageService.swift; sourceTree = "<group>"; };
		F3CF3512090AAA66524A87BC /* FocusedSubagentController.swift */ = {isa = PBXFileReference; lastKnownFileType = sourcecode.swift; path = FocusedSubagentController.swift; sourceTree = "<group>"; };
		F52157E3DA76808946939C19 /* ConversationController.swift */ = {isa = PBXFileReference; lastKnownFileType = sourcecode.swift; path = ConversationController.swift; sourceTree = "<group>"; };
/* End PBXFileReference section */

/* Begin PBXGroup section */
		232CD4D33E52B3C1A1E3397E /* Views */ = {
			isa = PBXGroup;
			children = (
				7FB0EE32A1CCC0464FF5D14E /* BrandTheme.swift */,
				9B793DB8C6D3587B43CDC552 /* ContentView.swift */,
				77289D47F227111DF7BB9D91 /* FocusedSubagentView.swift */,
				EAEAA8A329489C8BD38EA402 /* MarkdownView.swift */,
				3776184F3E1E03E7A3888101 /* PendingSteerEditor.swift */,
				E8BD2858C5E19F61C63380FB /* ProjectDirectoriesView.swift */,
				6FD76F4D03C2D44DA6599243 /* ProjectsView.swift */,
				EE62A0F49EB0B39295809D2C /* ProviderUsageView.swift */,
				69962C8E0E1F29C59C77EFF8 /* TranscriptMediaView.swift */,
			);
			path = Views;
			sourceTree = "<group>";
		};
		3CDADD1A6A9747B8D7979EE4 /* Products */ = {
			isa = PBXGroup;
			children = (
				D5508A00BF37B0CF6A3B361F /* Kit.app */,
				0C0AB706DCD4E682E3D144F0 /* KitDesktopTests.xctest */,
			);
			name = Products;
			sourceTree = "<group>";
		};
		41D6646C8AAC0B7036DB3442 /* Models */ = {
			isa = PBXGroup;
			children = (
				C69138F9241277AF871FBF68 /* AppModel.swift */,
				2B3990BD2C27260A0E70B93A /* AppState.swift */,
				B68DA54322BAA752E5971377 /* ClipboardMediaImport.swift */,
				F52157E3DA76808946939C19 /* ConversationController.swift */,
				F3CF3512090AAA66524A87BC /* FocusedSubagentController.swift */,
				2E91430BED2A48D143CB953E /* ModelSelection.swift */,
				CA1525D1387BB6324375D34B /* ProjectSummary.swift */,
				AF81CA9181C9F75289ADA9A9 /* TranscriptContentBuffer.swift */,
				A8BE0AC7BC0655DEFA9DC4DF /* TranscriptProjection.swift */,
				7A1A3AC3038089116C5142A6 /* TranscriptToolContentBuffer.swift */,
			);
			path = Models;
			sourceTree = "<group>";
		};
		482ECD65BDFE3723C98BF66D = {
			isa = PBXGroup;
			children = (
				847A0BD2BBCB237AF1D3A7C5 /* Config */,
				B364810B2CEDCAFDFF4E5FC3 /* KitDesktop */,
				9D22957B08B56139F83F43FC /* KitDesktopTests */,
				3CDADD1A6A9747B8D7979EE4 /* Products */,
			);
			sourceTree = "<group>";
		};
		72120F610CA996BBCDA27324 /* Services */ = {
			isa = PBXGroup;
			children = (
				7D1610600D0AFF53C50D6E59 /* ACPClient.swift */,
				5E2EABACCDFBFA37A3DB1077 /* ACPKitExtensions.swift */,
				11C475A19EDCF4F131882AF2 /* JSONLineParser.swift */,
				06F974BED9068ADA02CD72BC /* PersistenceStore.swift */,
				F230AF447FD7A01DED5766F5 /* ProviderUsageService.swift */,
			);
			path = Services;
			sourceTree = "<group>";
		};
		847A0BD2BBCB237AF1D3A7C5 /* Config */ = {
			isa = PBXGroup;
			children = (
				D2AE60C80AB214E08161FF6A /* Version.xcconfig */,
			);
			path = Config;
			sourceTree = "<group>";
		};
		9D22957B08B56139F83F43FC /* KitDesktopTests */ = {
			isa = PBXGroup;
			children = (
				D76BE5F4BB5528635B399D47 /* ACPMessageIdentityTests.swift */,
				7673B303F19B3783B1B84A34 /* ACPProcessTests.swift */,
				A49E707898C1B36BB27BC121 /* ACPProtocolTests.swift */,
				DAEBE305CCB3F66B4C6EFE46 /* AppModelTests.swift */,
				79533B8978F885CB3B560433 /* DesktopRenderingTests.swift */,
				D622330F9651EF6FE17B0FFD /* DesktopUsageTests.swift */,
				3A9E6E2B9F08A2B61F5A6532 /* FocusedSubagentTests.swift */,
				F0670A97F6D40D534E10DF6B /* JSONLineParserTests.swift */,
				D3755EFD0DF6570079CB1E9F /* MarkdownDocumentTests.swift */,
				C11F006E0AD5F8D6EEF2FC03 /* PendingSteerMutationTests.swift */,
				319931620251E086D0C605C3 /* PersistenceStoreTests.swift */,
				AE581787540D49E5C10E4A92 /* ProjectDirectoriesTests.swift */,
				3834CD301D85D3ADF5A14C5D /* ProjectDirectoryProtocolTests.swift */,
				77809268413E9E0550C37150 /* ProjectNavigationLifecycleTests.swift */,
				7D4716671696C4413ABDF64A /* ProjectNavigationTests.swift */,
				5358E0179C1BBBBF93CE24B1 /* ProjectSearchTests.swift */,
				F17B3DDBC123331A4DE01B74 /* ProviderUsageServiceTests.swift */,
				5EC4964D4244F191B0B2EE29 /* RealShellLifecycleTests.swift */,
				7FD67F2CC8C0A869D5092324 /* TranscriptMediaTests.swift */,
				E13436ED25775E87B54A271A /* TranscriptProjectionRegressionTests.swift */,
				E0A68433712740EB10D75548 /* TranscriptProjectionTests.swift */,
				3D6D636272C479A6AED6F606 /* TranscriptToolContentBufferTests.swift */,
			);
			path = KitDesktopTests;
			sourceTree = "<group>";
		};
		B364810B2CEDCAFDFF4E5FC3 /* KitDesktop */ = {
			isa = PBXGroup;
			children = (
				774A438C39CB539D322381BD /* AppIcon.icon */,
				198107AA95E9C4E57B982AED /* Assets.xcassets */,
				C18AE6A3327A1061BE966290 /* App */,
				FBF77A7F783AC8B3414EA1D4 /* Generated */,
				41D6646C8AAC0B7036DB3442 /* Models */,
				72120F610CA996BBCDA27324 /* Services */,
				232CD4D33E52B3C1A1E3397E /* Views */,
			);
			path = KitDesktop;
			sourceTree = "<group>";
		};
		C18AE6A3327A1061BE966290 /* App */ = {
			isa = PBXGroup;
			children = (
				E8F619B802566CBF11E36094 /* AppDelegate.swift */,
				612469AB29D1589621F28D29 /* KitDesktopApp.swift */,
			);
			path = App;
			sourceTree = "<group>";
		};
		FBF77A7F783AC8B3414EA1D4 /* Generated */ = {
			isa = PBXGroup;
			children = (
				6086BB4FC00B47A7CFEDE75F /* ACPWireModels.generated.swift */,
			);
			path = Generated;
			sourceTree = "<group>";
		};
/* End PBXGroup section */

/* Begin PBXNativeTarget section */
		7ED0BA523F3C4C8EA87E4D9F /* KitDesktop */ = {
			isa = PBXNativeTarget;
			buildConfigurationList = 3A0D94AADBAA81ABC91E417F /* Build configuration list for PBXNativeTarget "KitDesktop" */;
			buildPhases = (
				E60384F9B9BF39AA6162E76D /* Sources */,
				07E9050190D93905A1AC96D3 /* Resources */,
				62A37A10346635E51D704C0B /* Copy Kit CLI */,
			);
			buildRules = (
			);
			dependencies = (
			);
			name = KitDesktop;
			packageProductDependencies = (
			);
			productName = KitDesktop;
			productReference = D5508A00BF37B0CF6A3B361F /* Kit.app */;
			productType = "com.apple.product-type.application";
		};
		B27184438FE2179D705C8930 /* KitDesktopTests */ = {
			isa = PBXNativeTarget;
			buildConfigurationList = 54A80D59B70EDEF0A4EECD04 /* Build configuration list for PBXNativeTarget "KitDesktopTests" */;
			buildPhases = (
				C65F79BCDB4546368CF3E5FF /* Sources */,
			);
			buildRules = (
			);
			dependencies = (
				B2DBBAB55E23ACB9DC06977E /* PBXTargetDependency */,
			);
			name = KitDesktopTests;
			packageProductDependencies = (
			);
			productName = KitDesktopTests;
			productReference = 0C0AB706DCD4E682E3D144F0 /* KitDesktopTests.xctest */;
			productType = "com.apple.product-type.bundle.unit-test";
		};
/* End PBXNativeTarget section */

/* Begin PBXProject section */
		2025A51ACF291CB2F82A0169 /* Project object */ = {
			isa = PBXProject;
			attributes = {
				BuildIndependentTargetsInParallel = YES;
				LastUpgradeCheck = 1430;
				TargetAttributes = {
					7ED0BA523F3C4C8EA87E4D9F = {
						ProvisioningStyle = Manual;
					};
					B27184438FE2179D705C8930 = {
						ProvisioningStyle = Manual;
					};
				};
			};
			buildConfigurationList = 4C2CC01BB409B1330CBD0CE8 /* Build configuration list for PBXProject "KitDesktop" */;
			developmentRegion = en;
			hasScannedForEncodings = 0;
			knownRegions = (
				Base,
				en,
			);
			mainGroup = 482ECD65BDFE3723C98BF66D;
			minimizedProjectReferenceProxies = 1;
			preferredProjectObjectVersion = 77;
			productRefGroup = 3CDADD1A6A9747B8D7979EE4 /* Products */;
			projectDirPath = "";
			projectRoot = "";
			targets = (
				7ED0BA523F3C4C8EA87E4D9F /* KitDesktop */,
				B27184438FE2179D705C8930 /* KitDesktopTests */,
			);
		};
/* End PBXProject section */

/* Begin PBXResourcesBuildPhase section */
		07E9050190D93905A1AC96D3 /* Resources */ = {
			isa = PBXResourcesBuildPhase;
			buildActionMask = 2147483647;
			files = (
				CA8ABD25EAFDC87274999FA5 /* AppIcon.icon in Resources */,
				035DAB141A9BBEED5792F799 /* Assets.xcassets in Resources */,
			);
			runOnlyForDeploymentPostprocessing = 0;
		};
/* End PBXResourcesBuildPhase section */

/* Begin PBXShellScriptBuildPhase section */
		62A37A10346635E51D704C0B /* Copy Kit CLI */ = {
			isa = PBXShellScriptBuildPhase;
			alwaysOutOfDate = 1;
			buildActionMask = 2147483647;
			files = (
			);
			inputFileListPaths = (
			);
			inputPaths = (
			);
			name = "Copy Kit CLI";
			outputFileListPaths = (
			);
			outputPaths = (
			);
			runOnlyForDeploymentPostprocessing = 0;
			shellPath = /bin/sh;
			shellScript = "set -eu\nhelper_dir=\"${TARGET_BUILD_DIR}/${CONTENTS_FOLDER_PATH}/Helpers\"\ndestination=\"${helper_dir}/kit\"\ntemporary=\"${destination}.tmp.$$\"\ntrap 'rm -f \"${temporary}\"' EXIT\nrm -f \"${destination}\" \"${temporary}\"\nmkdir -p \"${helper_dir}\"\nif [ \"${CONFIGURATION}\" = \"Release\" ]; then\n  # Production is intentionally ARM64-only, matching Kit's current macOS release target.\n  source_binary=\"${SRCROOT}/../target/aarch64-apple-darwin/release/kit\"\nelse\n  source_binary=\"${KIT_BINARY:-${SRCROOT}/../target/debug/kit}\"\nfi\nif [ ! -x \"${source_binary}\" ]; then\n  if [ \"${CONFIGURATION}\" = \"Release\" ]; then\n    echo \"error: Release requires target/aarch64-apple-darwin/release/kit. Run: cargo build --locked --release --target aarch64-apple-darwin --bin kit\" >&2\n    exit 1\n  fi\n  echo \"warning: Debug Kit helper unavailable; KIT_BINARY/source-tree/PATH runtime fallback remains enabled.\"\n  exit 0\nfi\nhelper_arches=\"$(lipo -archs \"${source_binary}\")\"\nif [ \"${helper_arches}\" != \"arm64\" ]; then\n  echo \"error: Kit helper must be a thin arm64 Mach-O; found: ${helper_arches}\" >&2\n  exit 1\nfi\ncp \"${source_binary}\" \"${temporary}\"\nchmod +x \"${temporary}\"\nmv -f \"${temporary}\" \"${destination}\"\n";
		};
/* End PBXShellScriptBuildPhase section */

/* Begin PBXSourcesBuildPhase section */
		C65F79BCDB4546368CF3E5FF /* Sources */ = {
			isa = PBXSourcesBuildPhase;
			buildActionMask = 2147483647;
			files = (
				1FD039E35430596E77258CB6 /* ACPMessageIdentityTests.swift in Sources */,
				6A73208124C5F3743BD70F5F /* ACPProcessTests.swift in Sources */,
				0F21F855B7DA35AD722AC7D3 /* ACPProtocolTests.swift in Sources */,
				D84D1F89B4EAA779010CFE3E /* AppModelTests.swift in Sources */,
				F3D9D1093B2E9F4E07AAA021 /* DesktopRenderingTests.swift in Sources */,
				6582FDDDDA4EE068F0285DBA /* DesktopUsageTests.swift in Sources */,
				B92551679F110E1871A50E2D /* FocusedSubagentTests.swift in Sources */,
				B9AC4DF35B2F9D766761C7EB /* JSONLineParserTests.swift in Sources */,
				9C009A5EE85704A96BECA25C /* MarkdownDocumentTests.swift in Sources */,
				3308A8C8FA9F2A39E8B13B40 /* PendingSteerMutationTests.swift in Sources */,
				E0A3CEF798311F487DD36E56 /* PersistenceStoreTests.swift in Sources */,
				C5146515CECF2C72EDC40E25 /* ProjectDirectoriesTests.swift in Sources */,
				00D5988FF788044E60696326 /* ProjectDirectoryProtocolTests.swift in Sources */,
				668A00A674B09C31C4F9AEF5 /* ProjectNavigationLifecycleTests.swift in Sources */,
				AC440F6119FF33B7AF2D9C6F /* ProjectNavigationTests.swift in Sources */,
				46C3D9B3F883CDF2F661596B /* ProjectSearchTests.swift in Sources */,
				78995CAA5E6507FDE2F19342 /* ProviderUsageServiceTests.swift in Sources */,
				0CC2B9555CF2287B30B38BB6 /* RealShellLifecycleTests.swift in Sources */,
				0C2B7BAD602B7292DE5AD4FA /* TranscriptMediaTests.swift in Sources */,
				1FE1E96487F1DC33B4FB0952 /* TranscriptProjectionRegressionTests.swift in Sources */,
				C3110D60CAC696DCADB183A6 /* TranscriptProjectionTests.swift in Sources */,
				99D46DFD2AED28BA9E96C636 /* TranscriptToolContentBufferTests.swift in Sources */,
			);
			runOnlyForDeploymentPostprocessing = 0;
		};
		E60384F9B9BF39AA6162E76D /* Sources */ = {
			isa = PBXSourcesBuildPhase;
			buildActionMask = 2147483647;
			files = (
				489E18B321109F8D9F512822 /* ACPClient.swift in Sources */,
				77CE12EFCD9EBB4BE06BBA7D /* ACPKitExtensions.swift in Sources */,
				532FC0D8C0DA828334BBB26E /* ACPWireModels.generated.swift in Sources */,
				B03EA9D8EB2F591C684D3D3F /* AppDelegate.swift in Sources */,
				E51D677C599E9529D12CC62C /* AppModel.swift in Sources */,
				02871F767925761E25F86B3E /* AppState.swift in Sources */,
				F4581C82DF00798894C85689 /* BrandTheme.swift in Sources */,
				0BAAD3A1EE604A1F51594045 /* ClipboardMediaImport.swift in Sources */,
				F1CCCF9D9F727E59B384BACC /* ContentView.swift in Sources */,
				5D90E450684ED3EE71B69332 /* ConversationController.swift in Sources */,
				40FCF23FB16ED892E6A0B53C /* FocusedSubagentController.swift in Sources */,
				E159D772370C615AFC28971C /* FocusedSubagentView.swift in Sources */,
				8E8A10F49B153622CF7DD7FA /* JSONLineParser.swift in Sources */,
				AA4D62C2F061DA87F223B926 /* KitDesktopApp.swift in Sources */,
				FCEE0B2CC5DBD6B5F32DD243 /* MarkdownView.swift in Sources */,
				8FB512E68B9F38EE3405C965 /* ModelSelection.swift in Sources */,
				598034517C8D04CD9FF42D5E /* PendingSteerEditor.swift in Sources */,
				19B3A6B5BBEE1564C7F4AC0B /* PersistenceStore.swift in Sources */,
				B23F0A4E847B61552A4C8443 /* ProjectDirectoriesView.swift in Sources */,
				825F84E21388B04F8EFF5EDD /* ProjectSummary.swift in Sources */,
				A3DBB7E0917F10EF3485AD97 /* ProjectsView.swift in Sources */,
				92253DB358B26BE204476C82 /* ProviderUsageService.swift in Sources */,
				88B9E3487F21C94C474B716A /* ProviderUsageView.swift in Sources */,
				892DDBF96218AB5886A20012 /* TranscriptContentBuffer.swift in Sources */,
				0C164E0784F734A939122168 /* TranscriptMediaView.swift in Sources */,
				2BB77046C11A5F39987BE7B3 /* TranscriptProjection.swift in Sources */,
				2C3BFF1D1473D6E1F7822063 /* TranscriptToolContentBuffer.swift in Sources */,
			);
			runOnlyForDeploymentPostprocessing = 0;
		};
/* End PBXSourcesBuildPhase section */

/* Begin PBXTargetDependency section */
		B2DBBAB55E23ACB9DC06977E /* PBXTargetDependency */ = {
			isa = PBXTargetDependency;
			target = 7ED0BA523F3C4C8EA87E4D9F /* KitDesktop */;
			targetProxy = 0DD249DBEFC0503246C7B188 /* PBXContainerItemProxy */;
		};
/* End PBXTargetDependency section */

/* Begin XCBuildConfiguration section */
		10D9E04E5F998477B6B45FCD /* Release */ = {
			isa = XCBuildConfiguration;
			buildSettings = {
				BUNDLE_LOADER = "$(TEST_HOST)";
				COMBINE_HIDPI_IMAGES = YES;
				GENERATE_INFOPLIST_FILE = YES;
				LD_RUNPATH_SEARCH_PATHS = (
					"$(inherited)",
					"@executable_path/../Frameworks",
					"@loader_path/../Frameworks",
				);
				PRODUCT_BUNDLE_IDENTIFIER = com.speakeasy.kit.desktop.tests;
				PRODUCT_MODULE_NAME = KitDesktopTests;
				SDKROOT = macosx;
				TEST_HOST = "$(BUILT_PRODUCTS_DIR)/Kit.app/Contents/MacOS/Kit";
			};
			name = Release;
		};
		761E3467BF48A54305E28AAB /* Release */ = {
			isa = XCBuildConfiguration;
			baseConfigurationReference = D2AE60C80AB214E08161FF6A /* Version.xcconfig */;
			buildSettings = {
				ALWAYS_SEARCH_USER_PATHS = NO;
				ARCHS = arm64;
				CLANG_ANALYZER_NONNULL = YES;
				CLANG_ANALYZER_NUMBER_OBJECT_CONVERSION = YES_AGGRESSIVE;
				CLANG_CXX_LANGUAGE_STANDARD = "gnu++14";
				CLANG_CXX_LIBRARY = "libc++";
				CLANG_ENABLE_MODULES = YES;
				CLANG_ENABLE_OBJC_ARC = YES;
				CLANG_ENABLE_OBJC_WEAK = YES;
				CLANG_WARN_BLOCK_CAPTURE_AUTORELEASING = YES;
				CLANG_WARN_BOOL_CONVERSION = YES;
				CLANG_WARN_COMMA = YES;
				CLANG_WARN_CONSTANT_CONVERSION = YES;
				CLANG_WARN_DEPRECATED_OBJC_IMPLEMENTATIONS = YES;
				CLANG_WARN_DIRECT_OBJC_ISA_USAGE = YES_ERROR;
				CLANG_WARN_DOCUMENTATION_COMMENTS = YES;
				CLANG_WARN_EMPTY_BODY = YES;
				CLANG_WARN_ENUM_CONVERSION = YES;
				CLANG_WARN_INFINITE_RECURSION = YES;
				CLANG_WARN_INT_CONVERSION = YES;
				CLANG_WARN_NON_LITERAL_NULL_CONVERSION = YES;
				CLANG_WARN_OBJC_IMPLICIT_RETAIN_SELF = YES;
				CLANG_WARN_OBJC_LITERAL_CONVERSION = YES;
				CLANG_WARN_OBJC_ROOT_CLASS = YES_ERROR;
				CLANG_WARN_QUOTED_INCLUDE_IN_FRAMEWORK_HEADER = YES;
				CLANG_WARN_RANGE_LOOP_ANALYSIS = YES;
				CLANG_WARN_STRICT_PROTOTYPES = YES;
				CLANG_WARN_SUSPICIOUS_MOVE = YES;
				CLANG_WARN_UNGUARDED_AVAILABILITY = YES_AGGRESSIVE;
				CLANG_WARN_UNREACHABLE_CODE = YES;
				CLANG_WARN__DUPLICATE_METHOD_MATCH = YES;
				CODE_SIGN_STYLE = Manual;
				COPY_PHASE_STRIP = NO;
				DEBUG_INFORMATION_FORMAT = "dwarf-with-dsym";
				ENABLE_NS_ASSERTIONS = NO;
				ENABLE_STRICT_OBJC_MSGSEND = YES;
				ENABLE_USER_SCRIPT_SANDBOXING = NO;
				GCC_C_LANGUAGE_STANDARD = gnu11;
				GCC_NO_COMMON_BLOCKS = YES;
				GCC_WARN_64_TO_32_BIT_CONVERSION = YES;
				GCC_WARN_ABOUT_RETURN_TYPE = YES_ERROR;
				GCC_WARN_UNDECLARED_SELECTOR = YES;
				GCC_WARN_UNINITIALIZED_AUTOS = YES_AGGRESSIVE;
				GCC_WARN_UNUSED_FUNCTION = YES;
				GCC_WARN_UNUSED_VARIABLE = YES;
				MACOSX_DEPLOYMENT_TARGET = 14.0;
				MTL_ENABLE_DEBUG_INFO = NO;
				MTL_FAST_MATH = YES;
				ONLY_ACTIVE_ARCH = NO;
				PRODUCT_NAME = "$(TARGET_NAME)";
				SDKROOT = macosx;
				SWIFT_COMPILATION_MODE = wholemodule;
				SWIFT_OPTIMIZATION_LEVEL = "-O";
				SWIFT_VERSION = 5.0;
			};
			name = Release;
		};
		7C10311BFF4CCE1F7F5FEF88 /* Debug */ = {
			isa = XCBuildConfiguration;
			buildSettings = {
				BUNDLE_LOADER = "$(TEST_HOST)";
				COMBINE_HIDPI_IMAGES = YES;
				GENERATE_INFOPLIST_FILE = YES;
				LD_RUNPATH_SEARCH_PATHS = (
					"$(inherited)",
					"@executable_path/../Frameworks",
					"@loader_path/../Frameworks",
				);
				PRODUCT_BUNDLE_IDENTIFIER = com.speakeasy.kit.desktop.tests;
				PRODUCT_MODULE_NAME = KitDesktopTests;
				SDKROOT = macosx;
				TEST_HOST = "$(BUILT_PRODUCTS_DIR)/Kit.app/Contents/MacOS/Kit";
			};
			name = Debug;
		};
		860B938CB91EEAF3F720EBDB /* Debug */ = {
			isa = XCBuildConfiguration;
			baseConfigurationReference = D2AE60C80AB214E08161FF6A /* Version.xcconfig */;
			buildSettings = {
				ALWAYS_SEARCH_USER_PATHS = NO;
				ARCHS = arm64;
				CLANG_ANALYZER_NONNULL = YES;
				CLANG_ANALYZER_NUMBER_OBJECT_CONVERSION = YES_AGGRESSIVE;
				CLANG_CXX_LANGUAGE_STANDARD = "gnu++14";
				CLANG_CXX_LIBRARY = "libc++";
				CLANG_ENABLE_MODULES = YES;
				CLANG_ENABLE_OBJC_ARC = YES;
				CLANG_ENABLE_OBJC_WEAK = YES;
				CLANG_WARN_BLOCK_CAPTURE_AUTORELEASING = YES;
				CLANG_WARN_BOOL_CONVERSION = YES;
				CLANG_WARN_COMMA = YES;
				CLANG_WARN_CONSTANT_CONVERSION = YES;
				CLANG_WARN_DEPRECATED_OBJC_IMPLEMENTATIONS = YES;
				CLANG_WARN_DIRECT_OBJC_ISA_USAGE = YES_ERROR;
				CLANG_WARN_DOCUMENTATION_COMMENTS = YES;
				CLANG_WARN_EMPTY_BODY = YES;
				CLANG_WARN_ENUM_CONVERSION = YES;
				CLANG_WARN_INFINITE_RECURSION = YES;
				CLANG_WARN_INT_CONVERSION = YES;
				CLANG_WARN_NON_LITERAL_NULL_CONVERSION = YES;
				CLANG_WARN_OBJC_IMPLICIT_RETAIN_SELF = YES;
				CLANG_WARN_OBJC_LITERAL_CONVERSION = YES;
				CLANG_WARN_OBJC_ROOT_CLASS = YES_ERROR;
				CLANG_WARN_QUOTED_INCLUDE_IN_FRAMEWORK_HEADER = YES;
				CLANG_WARN_RANGE_LOOP_ANALYSIS = YES;
				CLANG_WARN_STRICT_PROTOTYPES = YES;
				CLANG_WARN_SUSPICIOUS_MOVE = YES;
				CLANG_WARN_UNGUARDED_AVAILABILITY = YES_AGGRESSIVE;
				CLANG_WARN_UNREACHABLE_CODE = YES;
				CLANG_WARN__DUPLICATE_METHOD_MATCH = YES;
				CODE_SIGN_STYLE = Manual;
				COPY_PHASE_STRIP = NO;
				DEBUG_INFORMATION_FORMAT = dwarf;
				ENABLE_STRICT_OBJC_MSGSEND = YES;
				ENABLE_TESTABILITY = YES;
				ENABLE_USER_SCRIPT_SANDBOXING = NO;
				GCC_C_LANGUAGE_STANDARD = gnu11;
				GCC_DYNAMIC_NO_PIC = NO;
				GCC_NO_COMMON_BLOCKS = YES;
				GCC_OPTIMIZATION_LEVEL = 0;
				GCC_PREPROCESSOR_DEFINITIONS = (
					"$(inherited)",
					"DEBUG=1",
				);
				GCC_WARN_64_TO_32_BIT_CONVERSION = YES;
				GCC_WARN_ABOUT_RETURN_TYPE = YES_ERROR;
				GCC_WARN_UNDECLARED_SELECTOR = YES;
				GCC_WARN_UNINITIALIZED_AUTOS = YES_AGGRESSIVE;
				GCC_WARN_UNUSED_FUNCTION = YES;
				GCC_WARN_UNUSED_VARIABLE = YES;
				MACOSX_DEPLOYMENT_TARGET = 14.0;
				MTL_ENABLE_DEBUG_INFO = INCLUDE_SOURCE;
				MTL_FAST_MATH = YES;
				ONLY_ACTIVE_ARCH = NO;
				PRODUCT_NAME = "$(TARGET_NAME)";
				SDKROOT = macosx;
				SWIFT_ACTIVE_COMPILATION_CONDITIONS = DEBUG;
				SWIFT_OPTIMIZATION_LEVEL = "-Onone";
				SWIFT_VERSION = 5.0;
			};
			name = Debug;
		};
		B2009F1150B98FAFD2B39B02 /* Release */ = {
			isa = XCBuildConfiguration;
			buildSettings = {
				ASSETCATALOG_COMPILER_APPICON_NAME = AppIcon;
				CODE_SIGN_ENTITLEMENTS = Config/KitDesktop.entitlements;
				COMBINE_HIDPI_IMAGES = YES;
				CURRENT_PROJECT_VERSION = 1;
				DEFINES_MODULE = YES;
				ENABLE_APP_SANDBOX = NO;
				ENABLE_HARDENED_RUNTIME = YES;
				GENERATE_INFOPLIST_FILE = YES;
				INFOPLIST_KEY_CFBundleDisplayName = Kit;
				INFOPLIST_KEY_LSApplicationCategoryType = "public.app-category.developer-tools";
				LD_RUNPATH_SEARCH_PATHS = (
					"$(inherited)",
					"@executable_path/../Frameworks",
				);
				MARKETING_VERSION = "$(KIT_VERSION)";
				PRODUCT_BUNDLE_IDENTIFIER = com.speakeasy.kit.desktop;
				PRODUCT_MODULE_NAME = Kit;
				PRODUCT_NAME = Kit;
				SDKROOT = macosx;
			};
			name = Release;
		};
		D33D6F616CA6AEDA5C2E24A6 /* Debug */ = {
			isa = XCBuildConfiguration;
			buildSettings = {
				ASSETCATALOG_COMPILER_APPICON_NAME = AppIcon;
				CODE_SIGN_ENTITLEMENTS = Config/KitDesktop.entitlements;
				COMBINE_HIDPI_IMAGES = YES;
				CURRENT_PROJECT_VERSION = 1;
				DEFINES_MODULE = YES;
				ENABLE_APP_SANDBOX = NO;
				ENABLE_HARDENED_RUNTIME = YES;
				ENABLE_TESTABILITY = YES;
				GENERATE_INFOPLIST_FILE = YES;
				INFOPLIST_KEY_CFBundleDisplayName = Kit;
				INFOPLIST_KEY_LSApplicationCategoryType = "public.app-category.developer-tools";
				LD_RUNPATH_SEARCH_PATHS = (
					"$(inherited)",
					"@executable_path/../Frameworks",
				);
				MARKETING_VERSION = "$(KIT_VERSION)";
				PRODUCT_BUNDLE_IDENTIFIER = com.speakeasy.kit.desktop;
				PRODUCT_MODULE_NAME = Kit;
				PRODUCT_NAME = Kit;
				SDKROOT = macosx;
			};
			name = Debug;
		};
/* End XCBuildConfiguration section */

/* Begin XCConfigurationList section */
		3A0D94AADBAA81ABC91E417F /* Build configuration list for PBXNativeTarget "KitDesktop" */ = {
			isa = XCConfigurationList;
			buildConfigurations = (
				D33D6F616CA6AEDA5C2E24A6 /* Debug */,
				B2009F1150B98FAFD2B39B02 /* Release */,
			);
			defaultConfigurationIsVisible = 0;
			defaultConfigurationName = Debug;
		};
		4C2CC01BB409B1330CBD0CE8 /* Build configuration list for PBXProject "KitDesktop" */ = {
			isa = XCConfigurationList;
			buildConfigurations = (
				860B938CB91EEAF3F720EBDB /* Debug */,
				761E3467BF48A54305E28AAB /* Release */,
			);
			defaultConfigurationIsVisible = 0;
			defaultConfigurationName = Debug;
		};
		54A80D59B70EDEF0A4EECD04 /* Build configuration list for PBXNativeTarget "KitDesktopTests" */ = {
			isa = XCConfigurationList;
			buildConfigurations = (
				7C10311BFF4CCE1F7F5FEF88 /* Debug */,
				10D9E04E5F998477B6B45FCD /* Release */,
			);
			defaultConfigurationIsVisible = 0;
			defaultConfigurationName = Debug;
		};
/* End XCConfigurationList section */
	};
	rootObject = 2025A51ACF291CB2F82A0169 /* Project object */;
}
