--only-binary=:all:

PyYAML==6.0.3 \
    --hash=sha256:ba1cc08a7ccde2d2ec775841541641e4548226580ab850948cbfda66a1befcdc \
    --hash=sha256:2283a07e2c21a2aa78d9c4442724ec1eb15f5e42a723b99cb3d822d48f5f7ad1
attrs==25.3.0 \
    --hash=sha256:427318ce031701fea540783410126f03899a97ffc6f61596ad581ac2e40e3bc3
certifi==2026.7.22 \
    --hash=sha256:62f22742b58a1a33014a2b6b706588a8d7e2a88ae7bd1a6ebe8c992928483775
charset-normalizer==3.4.9 \
    --hash=sha256:5e226f6218febc71f6c1fc2fafb91c226f75bdc1d8fb12d66823716e891608fd \
    --hash=sha256:440eede837960000d74978f0eba527be106b5b9aee0daf779d395276ed0b0614
idna==3.18 \
    --hash=sha256:7f952cbe720b688055e3f87de14f5c3e5fdaa8bc3928985c4077ca689de849a2
jsonschema==4.25.1 \
    --hash=sha256:3fba0169e345c7175110351d456342c364814cfcf3b964ba4587f22915230a63
jsonschema-path==0.3.4 \
    --hash=sha256:f502191fdc2b22050f9a81c9237be9d27145b9001c55842bece5e94e382e52f8
jsonschema-specifications==2025.4.1 \
    --hash=sha256:4653bffbd6584f7de83a67e0d620ef16900b390ddc7939d56684d6c81e33f1af
lazy-object-proxy==1.12.0 \
    --hash=sha256:4ab2c584e3cc8be0dfca422e05ad30a9abe3555ce63e9ab7a559f62f8dbc6ff9 \
    --hash=sha256:86fd61cb2ba249b9f436d789d1356deae69ad3231dc3c0f17293ac535162672e
openapi-schema-validator==0.6.3 \
    --hash=sha256:f3b9870f4e556b5a62a1c39da72a6b4b16f3ad9c73dc80084b1b11e74ba148a3
openapi-spec-validator==0.7.2 \
    --hash=sha256:4bbdc0894ec85f1d1bea1d6d9c8b2c3c8d7ccaa13577ef40da9c006c9fd0eb60
pathable==0.4.4 \
    --hash=sha256:5ae9e94793b6ef5a4cbe0a7ce9dbbefc1eec38df253763fd0aeeacf2762dbbc2
referencing==0.36.2 \
    --hash=sha256:e8699adbbf8b5c7de96d8ffa0eb5c158b3beafce084968e2ea8bb08c6794dcd0
requests==2.34.2 \
    --hash=sha256:2a0d60c172f83ac6ab31e4554906c0f3b3588d37b5cb939b1c061f4907e278e0
rfc3339-validator==0.1.4 \
    --hash=sha256:24f6ec1eda14ef823da9e36ec7113124b39c04d50a4d3d3a3c2859577e7791fa
rpds-py==0.27.1 \
    --hash=sha256:466bfe65bd932da36ff279ddd92de56b042f2266d752719beb97b08526268ec5 \
    --hash=sha256:1441811a96eadca93c517d08df75de45e5ffe68aa3089924f963c782c4b898cf
six==1.17.0 \
    --hash=sha256:4721f391ed90541fddacab5acf947aa0d3dc7d27b2e1e8eda2be8970586c3274
typing-extensions==4.15.0 \
    --hash=sha256:f0fa19c6845758ab08074a0cfa8b7aecb71c999ca73d62883bc25cc018c4e548
urllib3==2.7.0 \
    --hash=sha256:9fb4c81ebbb1ce9531cce37674bbc6f1360472bc18ca9a553ede278ef7276897
